
Microsoft Visual Studio Solution File, Format Version 12.00
# Visual Studio 15
VisualStudioVersion = 15.0.27004.2008
MinimumVisualStudioVersion = 10.0.40219.1
Project("{FAE04EC0-301F-11D3-BF4B-00C04F79EFBC}") = "CourseProject", "CourseProject\CourseProject.csproj", "{897409B0-4B97-4583-BE2F-4C879CE38975}"
EndProject
Global
	GlobalSection(SolutionConfigurationPlatforms) = preSolution
		Debug|Any CPU = Debug|Any CPU
		Release|Any CPU = Release|Any CPU
	EndGlobalSection
	GlobalSection(ProjectConfigurationPlatforms) = postSolution
		{897409B0-4B97-4583-BE2F-4C879CE38975}.Debug|Any CPU.ActiveCfg = Debug|Any CPU
		{897409B0-4B97-4583-BE2F-4C879CE38975}.Debug|Any CPU.Build.0 = Debug|Any CPU
		{897409B0-4B97-4583-BE2F-4C879CE38975}.Release|Any CPU.ActiveCfg = Release|Any CPU
		{897409B0-4B97-4583-BE2F-4C879CE38975}.Release|Any CPU.Build.0 = Release|Any CPU
	EndGlobalSection
	GlobalSection(SolutionProperties) = preSolution
		HideSolutionNode = FALSE
	EndGlobalSection
	GlobalSection(ExtensibilityGlobals) = postSolution
		SolutionGuid = {7BECBA26-D6B6-42C1-9FDB-75CC426B7A21}
	EndGlobalSection
EndGlobal
