
Microsoft Visual Studio Solution File, Format Version 12.00
# Visual Studio 15
VisualStudioVersion = 15.0.26730.16
MinimumVisualStudioVersion = 10.0.40219.1
Project("{FAE04EC0-301F-11D3-BF4B-00C04F79EFBC}") = "SoccerStats", "SoccerStats\SoccerStats.csproj", "{31050EA7-3F2A-4965-8B36-7E862292E75C}"
EndProject
Global
	GlobalSection(SolutionConfigurationPlatforms) = preSolution
		Debug|Any CPU = Debug|Any CPU
		Release|Any CPU = Release|Any CPU
	EndGlobalSection
	GlobalSection(ProjectConfigurationPlatforms) = postSolution
		{31050EA7-3F2A-4965-8B36-7E862292E75C}.Debug|Any CPU.ActiveCfg = Debug|Any CPU
		{31050EA7-3F2A-4965-8B36-7E862292E75C}.Debug|Any CPU.Build.0 = Debug|Any CPU
		{31050EA7-3F2A-4965-8B36-7E862292E75C}.Release|Any CPU.ActiveCfg = Release|Any CPU
		{31050EA7-3F2A-4965-8B36-7E862292E75C}.Release|Any CPU.Build.0 = Release|Any CPU
	EndGlobalSection
	GlobalSection(SolutionProperties) = preSolution
		HideSolutionNode = FALSE
	EndGlobalSection
	GlobalSection(ExtensibilityGlobals) = postSolution
		SolutionGuid = {E39A409D-E5A4-47FE-95A6-61FFAB70E766}
	EndGlobalSection
EndGlobal
