
Microsoft Visual Studio Solution File, Format Version 12.00
# Visual Studio 15
VisualStudioVersion = 15.0.26730.16
MinimumVisualStudioVersion = 10.0.40219.1
Project("{FAE04EC0-301F-11D3-BF4B-00C04F79EFBC}") = "RandomNumber", "RandomNumber\RandomNumber.csproj", "{C3E9BC8D-D962-412E-B006-040540F64F64}"
EndProject
Global
	GlobalSection(SolutionConfigurationPlatforms) = preSolution
		Debug|Any CPU = Debug|Any CPU
		Release|Any CPU = Release|Any CPU
	EndGlobalSection
	GlobalSection(ProjectConfigurationPlatforms) = postSolution
		{C3E9BC8D-D962-412E-B006-040540F64F64}.Debug|Any CPU.ActiveCfg = Debug|Any CPU
		{C3E9BC8D-D962-412E-B006-040540F64F64}.Debug|Any CPU.Build.0 = Debug|Any CPU
		{C3E9BC8D-D962-412E-B006-040540F64F64}.Release|Any CPU.ActiveCfg = Release|Any CPU
		{C3E9BC8D-D962-412E-B006-040540F64F64}.Release|Any CPU.Build.0 = Release|Any CPU
	EndGlobalSection
	GlobalSection(SolutionProperties) = preSolution
		HideSolutionNode = FALSE
	EndGlobalSection
	GlobalSection(ExtensibilityGlobals) = postSolution
		SolutionGuid = {3D1A8229-C37B-4157-BFA9-709004A635ED}
	EndGlobalSection
EndGlobal
